
Microsoft Visual Studio Solution File, Format Version 12.00
# Visual Studio Version 17
VisualStudioVersion = 17.6.33815.320
MinimumVisualStudioVersion = 10.0.40219.1
Project("{FAE04EC0-301F-11D3-BF4B-00C04F79EFBC}") = "backend", "backend\backend.csproj", "{B0E727DD-433A-47A4-B6A5-B952D8223136}"
EndProject
Global
	GlobalSection(SolutionConfigurationPlatforms) = preSolution
		Debug|Any CPU = Debug|Any CPU
		Release|Any CPU = Release|Any CPU
	EndGlobalSection
	GlobalSection(ProjectConfigurationPlatforms) = postSolution
		{B0E727DD-433A-47A4-B6A5-B952D8223136}.Debug|Any CPU.ActiveCfg = Debug|Any CPU
		{B0E727DD-433A-47A4-B6A5-B952D8223136}.Debug|Any CPU.Build.0 = Debug|Any CPU
		{B0E727DD-433A-47A4-B6A5-B952D8223136}.Release|Any CPU.ActiveCfg = Release|Any CPU
		{B0E727DD-433A-47A4-B6A5-B952D8223136}.Release|Any CPU.Build.0 = Release|Any CPU
	EndGlobalSection
	GlobalSection(SolutionProperties) = preSolution
		HideSolutionNode = FALSE
	EndGlobalSection
	GlobalSection(ExtensibilityGlobals) = postSolution
		SolutionGuid = {FC440C51-6215-465B-BFE3-A60FA903757F}
	EndGlobalSection
EndGlobal
