
Microsoft Visual Studio Solution File, Format Version 12.00
# Visual Studio Version 17
VisualStudioVersion = 17.6.33815.320
MinimumVisualStudioVersion = 10.0.40219.1
Project("{FAE04EC0-301F-11D3-BF4B-00C04F79EFBC}") = "ChronicleSOARMarketplace", "ChronicleSOARMarketplace\ChronicleSOARMarketplace.csproj", "{8DF39566-BE92-42EC-A441-F1D0DF41A7D6}"
EndProject
Global
	GlobalSection(SolutionConfigurationPlatforms) = preSolution
		Debug|Any CPU = Debug|Any CPU
		Release|Any CPU = Release|Any CPU
	EndGlobalSection
	GlobalSection(ProjectConfigurationPlatforms) = postSolution
		{8DF39566-BE92-42EC-A441-F1D0DF41A7D6}.Debug|Any CPU.ActiveCfg = Debug|Any CPU
		{8DF39566-BE92-42EC-A441-F1D0DF41A7D6}.Debug|Any CPU.Build.0 = Debug|Any CPU
		{8DF39566-BE92-42EC-A441-F1D0DF41A7D6}.Release|Any CPU.ActiveCfg = Release|Any CPU
		{8DF39566-BE92-42EC-A441-F1D0DF41A7D6}.Release|Any CPU.Build.0 = Release|Any CPU
	EndGlobalSection
	GlobalSection(SolutionProperties) = preSolution
		HideSolutionNode = FALSE
	EndGlobalSection
	GlobalSection(ExtensibilityGlobals) = postSolution
		SolutionGuid = {785F83C7-0EB1-45C7-90A5-F4247A78620B}
	EndGlobalSection
EndGlobal
